# This file is automatically @generated by Cargo.
# It is not intended for manual editing.
version = 4

[[package]]
name = "bam"
version = "0.1.0"

[[package]]
name = "brust"
version = "0.1.0"
dependencies = [
 "bam",
 "fasta",
 "fastq",
 "pod5",
 "sam",
]

[[package]]
name = "fasta"
version = "0.1.0"

[[package]]
name = "fastq"
version = "0.1.0"

[[package]]
name = "pod5"
version = "0.1.0"

[[package]]
name = "sam"
version = "0.1.0"
